
Microsoft Visual Studio Solution File, Format Version 12.00
# Visual Studio Version 17
VisualStudioVersion = 17.12.35521.163
MinimumVisualStudioVersion = 10.0.40219.1
Project("{FAE04EC0-301F-11D3-BF4B-00C04F79EFBC}") = "FinancialData.API", "FinancialData.API\FinancialData.API.csproj", "{593AB055-CEAE-4605-AC44-99900185FF55}"
EndProject
Project("{FAE04EC0-301F-11D3-BF4B-00C04F79EFBC}") = "FinancialData.Shared", "FinancialData.Shared\FinancialData.Shared.csproj", "{60E0C1D4-F721-44DE-9FAF-ACC40F1B5BC6}"
EndProject
Project("{FAE04EC0-301F-11D3-BF4B-00C04F79EFBC}") = "Blazor-ApexCharts", "Blazor-ApexCharts\Blazor-ApexCharts.csproj", "{07439FE9-63D6-4F4E-91F7-0B5C6FCCA09E}"
EndProject
Project("{FAE04EC0-301F-11D3-BF4B-00C04F79EFBC}") = "FinancialData.WebClient", "FinancialData.WebClient\FinancialData.WebClient.csproj", "{8F1FF1C7-079C-44EE-935C-C97888448B7F}"
EndProject
Global
	GlobalSection(SolutionConfigurationPlatforms) = preSolution
		Debug|Any CPU = Debug|Any CPU
		Release|Any CPU = Release|Any CPU
	EndGlobalSection
	GlobalSection(ProjectConfigurationPlatforms) = postSolution
		{593AB055-CEAE-4605-AC44-99900185FF55}.Debug|Any CPU.ActiveCfg = Debug|Any CPU
		{593AB055-CEAE-4605-AC44-99900185FF55}.Debug|Any CPU.Build.0 = Debug|Any CPU
		{593AB055-CEAE-4605-AC44-99900185FF55}.Release|Any CPU.ActiveCfg = Release|Any CPU
		{593AB055-CEAE-4605-AC44-99900185FF55}.Release|Any CPU.Build.0 = Release|Any CPU
		{60E0C1D4-F721-44DE-9FAF-ACC40F1B5BC6}.Debug|Any CPU.ActiveCfg = Debug|Any CPU
		{60E0C1D4-F721-44DE-9FAF-ACC40F1B5BC6}.Debug|Any CPU.Build.0 = Debug|Any CPU
		{60E0C1D4-F721-44DE-9FAF-ACC40F1B5BC6}.Release|Any CPU.ActiveCfg = Release|Any CPU
		{60E0C1D4-F721-44DE-9FAF-ACC40F1B5BC6}.Release|Any CPU.Build.0 = Release|Any CPU
		{07439FE9-63D6-4F4E-91F7-0B5C6FCCA09E}.Debug|Any CPU.ActiveCfg = Debug|Any CPU
		{07439FE9-63D6-4F4E-91F7-0B5C6FCCA09E}.Debug|Any CPU.Build.0 = Debug|Any CPU
		{07439FE9-63D6-4F4E-91F7-0B5C6FCCA09E}.Release|Any CPU.ActiveCfg = Release|Any CPU
		{07439FE9-63D6-4F4E-91F7-0B5C6FCCA09E}.Release|Any CPU.Build.0 = Release|Any CPU
		{8F1FF1C7-079C-44EE-935C-C97888448B7F}.Debug|Any CPU.ActiveCfg = Debug|Any CPU
		{8F1FF1C7-079C-44EE-935C-C97888448B7F}.Debug|Any CPU.Build.0 = Debug|Any CPU
		{8F1FF1C7-079C-44EE-935C-C97888448B7F}.Release|Any CPU.ActiveCfg = Release|Any CPU
		{8F1FF1C7-079C-44EE-935C-C97888448B7F}.Release|Any CPU.Build.0 = Release|Any CPU
	EndGlobalSection
	GlobalSection(SolutionProperties) = preSolution
		HideSolutionNode = FALSE
	EndGlobalSection
EndGlobal
